
Microsoft Visual Studio Solution File, Format Version 12.00
# Visual Studio Version 16
VisualStudioVersion = 16.0.30413.136
MinimumVisualStudioVersion = 10.0.40219.1
Project("{FAE04EC0-301F-11D3-BF4B-00C04F79EFBC}") = "HelloWorldConsole", "HelloWorldConsole\HelloWorldConsole.csproj", "{DFE52C9D-C0A9-41EC-AAA7-6F7829E5C53B}"
EndProject
Global
	GlobalSection(SolutionConfigurationPlatforms) = preSolution
		Debug|Any CPU = Debug|Any CPU
		Release|Any CPU = Release|Any CPU
	EndGlobalSection
	GlobalSection(ProjectConfigurationPlatforms) = postSolution
		{DFE52C9D-C0A9-41EC-AAA7-6F7829E5C53B}.Debug|Any CPU.ActiveCfg = Debug|Any CPU
		{DFE52C9D-C0A9-41EC-AAA7-6F7829E5C53B}.Debug|Any CPU.Build.0 = Debug|Any CPU
		{DFE52C9D-C0A9-41EC-AAA7-6F7829E5C53B}.Release|Any CPU.ActiveCfg = Release|Any CPU
		{DFE52C9D-C0A9-41EC-AAA7-6F7829E5C53B}.Release|Any CPU.Build.0 = Release|Any CPU
	EndGlobalSection
	GlobalSection(SolutionProperties) = preSolution
		HideSolutionNode = FALSE
	EndGlobalSection
	GlobalSection(ExtensibilityGlobals) = postSolution
		SolutionGuid = {FC71415B-5D16-44F0-9329-3CA65E759454}
	EndGlobalSection
EndGlobal
